
Microsoft Visual Studio Solution File, Format Version 12.00
# Visual Studio 2013
VisualStudioVersion = 12.0.40629.0
MinimumVisualStudioVersion = 10.0.40219.1
Project("{FAE04EC0-301F-11D3-BF4B-00C04F79EFBC}") = "PracticeWebsite", "PracticeWebsite\PracticeWebsite.csproj", "{659E8B03-A40C-4580-8ECE-EF7492933084}"
EndProject
Project("{FAE04EC0-301F-11D3-BF4B-00C04F79EFBC}") = "PracticeWebsite.Tests", "PracticeWebsite.Tests\PracticeWebsite.Tests.csproj", "{779E6782-7F18-4DDD-A65B-742B0FBA9034}"
EndProject
Global
	GlobalSection(SolutionConfigurationPlatforms) = preSolution
		Debug|Any CPU = Debug|Any CPU
		Release|Any CPU = Release|Any CPU
	EndGlobalSection
	GlobalSection(ProjectConfigurationPlatforms) = postSolution
		{659E8B03-A40C-4580-8ECE-EF7492933084}.Debug|Any CPU.ActiveCfg = Debug|Any CPU
		{659E8B03-A40C-4580-8ECE-EF7492933084}.Debug|Any CPU.Build.0 = Debug|Any CPU
		{659E8B03-A40C-4580-8ECE-EF7492933084}.Release|Any CPU.ActiveCfg = Release|Any CPU
		{659E8B03-A40C-4580-8ECE-EF7492933084}.Release|Any CPU.Build.0 = Release|Any CPU
		{779E6782-7F18-4DDD-A65B-742B0FBA9034}.Debug|Any CPU.ActiveCfg = Debug|Any CPU
		{779E6782-7F18-4DDD-A65B-742B0FBA9034}.Debug|Any CPU.Build.0 = Debug|Any CPU
		{779E6782-7F18-4DDD-A65B-742B0FBA9034}.Release|Any CPU.ActiveCfg = Release|Any CPU
		{779E6782-7F18-4DDD-A65B-742B0FBA9034}.Release|Any CPU.Build.0 = Release|Any CPU
	EndGlobalSection
	GlobalSection(SolutionProperties) = preSolution
		HideSolutionNode = FALSE
	EndGlobalSection
EndGlobal
